
Microsoft Visual Studio Solution File, Format Version 12.00
# Visual Studio Version 17
VisualStudioVersion = 17.5.33516.290
MinimumVisualStudioVersion = 10.0.40219.1
Project("{FAE04EC0-301F-11D3-BF4B-00C04F79EFBC}") = "ImageView", "ImageView.csproj", "{C1E10820-99F5-4F7D-B8EE-F8244323B314}"
EndProject
Global
	GlobalSection(SolutionConfigurationPlatforms) = preSolution
		Debug|Any CPU = Debug|Any CPU
		Release|Any CPU = Release|Any CPU
	EndGlobalSection
	GlobalSection(ProjectConfigurationPlatforms) = postSolution
		{C1E10820-99F5-4F7D-B8EE-F8244323B314}.Debug|Any CPU.ActiveCfg = Debug|Any CPU
		{C1E10820-99F5-4F7D-B8EE-F8244323B314}.Debug|Any CPU.Build.0 = Debug|Any CPU
		{C1E10820-99F5-4F7D-B8EE-F8244323B314}.Release|Any CPU.ActiveCfg = Release|Any CPU
		{C1E10820-99F5-4F7D-B8EE-F8244323B314}.Release|Any CPU.Build.0 = Release|Any CPU
	EndGlobalSection
	GlobalSection(SolutionProperties) = preSolution
		HideSolutionNode = FALSE
	EndGlobalSection
	GlobalSection(ExtensibilityGlobals) = postSolution
		SolutionGuid = {17C0A51A-A1CE-42D8-BE02-15B0232ADA9A}
	EndGlobalSection
EndGlobal
